PODS:
  - Flutter (1.0.0)
  - Giphy (2.2.12):
    - libwebp
  - integration_test (0.0.1):
    - Flutter
  - jitsi_meet_govar_flutter_sdk (12.0.0):
    - Flutter
    - JitsiMeetSDK (= 12.0.0)
  - JitsiMeetSDK (12.0.0):
    - Giphy (= 2.2.12)
    - JitsiWebRTC (~> 124.0)
  - JitsiWebRTC (124.0.2)
  - libwebp (1.5.0):
    - libwebp/demux (= 1.5.0)
    - libwebp/mux (= 1.5.0)
    - libwebp/sharpyuv (= 1.5.0)
    - libwebp/webp (= 1.5.0)
  - libwebp/demux (1.5.0):
    - libwebp/webp
  - libwebp/mux (1.5.0):
    - libwebp/demux
  - libwebp/sharpyuv (1.5.0)
  - libwebp/webp (1.5.0):
    - libwebp/sharpyuv
  - path_provider_foundation (0.0.1):
    - Flutter
    - FlutterMacOS
  - record_darwin (1.0.0):
    - Flutter

DEPENDENCIES:
  - Flutter (from `Flutter`)
  - integration_test (from `.symlinks/plugins/integration_test/ios`)
  - jitsi_meet_govar_flutter_sdk (from `.symlinks/plugins/jitsi_meet_govar_flutter_sdk/ios`)
  - path_provider_foundation (from `.symlinks/plugins/path_provider_foundation/darwin`)
  - record_darwin (from `.symlinks/plugins/record_darwin/ios`)

SPEC REPOS:
  https://github.com/CocoaPods/Specs.git:
    - Giphy
    - JitsiMeetSDK
    - JitsiWebRTC
    - libwebp

EXTERNAL SOURCES:
  Flutter:
    :path: Flutter
  integration_test:
    :path: ".symlinks/plugins/integration_test/ios"
  jitsi_meet_govar_flutter_sdk:
    :path: ".symlinks/plugins/jitsi_meet_govar_flutter_sdk/ios"
  path_provider_foundation:
    :path: ".symlinks/plugins/path_provider_foundation/darwin"
  record_darwin:
    :path: ".symlinks/plugins/record_darwin/ios"

SPEC CHECKSUMS:
  Flutter: cabc95a1d2626b1b06e7179b784ebcf0c0cde467
  Giphy: 83628960ed04e1c3428ff1b4fb2b027f65e82f50
  integration_test: 4a889634ef21a45d28d50d622cf412dc6d9f586e
  jitsi_meet_govar_flutter_sdk: 79126f70a93081cfff8371a6e2cbe569a72d43f2
  JitsiMeetSDK: 2e475ff0be5a46bb239ed12ab24f2bbda66f0445
  JitsiWebRTC: b47805ab5668be38e7ee60e2258f49badfe8e1d0
  libwebp: 02b23773aedb6ff1fd38cec7a77b81414c6842a8
  path_provider_foundation: 080d55be775b7414fd5a5ef3ac137b97b097e564
  record_darwin: fb1f375f1d9603714f55b8708a903bbb91ffdb0a

PODFILE CHECKSUM: bfb119325213a01ef456301c3f43908063d8267f

COCOAPODS: 1.16.2
